
Microsoft Visual Studio Solution File, Format Version 12.00
# Visual Studio Version 17
VisualStudioVersion = 17.8.34330.188
MinimumVisualStudioVersion = 10.0.40219.1
Project("{9A19103F-16F7-4668-BE54-9A1E7A4F7556}") = "MovieAppBackend", "MovieAppBackend.csproj", "{6AF0A20E-18AC-45D3-A86F-B222806CBB97}"
EndProject
Global
	GlobalSection(SolutionConfigurationPlatforms) = preSolution
		Debug|Any CPU = Debug|Any CPU
		Release|Any CPU = Release|Any CPU
	EndGlobalSection
	GlobalSection(ProjectConfigurationPlatforms) = postSolution
		{6AF0A20E-18AC-45D3-A86F-B222806CBB97}.Debug|Any CPU.ActiveCfg = Debug|Any CPU
		{6AF0A20E-18AC-45D3-A86F-B222806CBB97}.Debug|Any CPU.Build.0 = Debug|Any CPU
		{6AF0A20E-18AC-45D3-A86F-B222806CBB97}.Release|Any CPU.ActiveCfg = Release|Any CPU
		{6AF0A20E-18AC-45D3-A86F-B222806CBB97}.Release|Any CPU.Build.0 = Release|Any CPU
	EndGlobalSection
	GlobalSection(SolutionProperties) = preSolution
		HideSolutionNode = FALSE
	EndGlobalSection
	GlobalSection(ExtensibilityGlobals) = postSolution
		SolutionGuid = {1E34C30D-CC59-47E9-9D6D-D23908A19667}
	EndGlobalSection
EndGlobal
